// !$*UTF8*$!
{
	archiveVersion = 1;
	classes = {
	};
	objectVersion = 46;
	objects = {

/* Begin PBXBuildFile section */
		1BA2CE444CBF0C961AEF74B3 /* Pods_Brisk.framework in Frameworks */ = {isa = PBXBuildFile; fileRef = C88425AC44C8AB4389F2A583 /* Pods_Brisk.framework */; };
		493890561F157F16008F9E94 /* AttachmentDroppableView.swift in Sources */ = {isa = PBXBuildFile; fileRef = 493890551F157F16008F9E94 /* AttachmentDroppableView.swift */; };
		BADCFD626E46B81044A115B2 /* Pods_BriskTests.framework in Frameworks */ = {isa = PBXBuildFile; fileRef = 0018868F17477C7D609957AD /* Pods_BriskTests.framework */; };
		C2042B531D17397900DEF594 /* ViewController.swift in Sources */ = {isa = PBXBuildFile; fileRef = C2042B521D17397900DEF594 /* ViewController.swift */; };
		C20DDC121D16496E0086D304 /* AuthenticationViewController.swift in Sources */ = {isa = PBXBuildFile; fileRef = C20DDC111D16496E0086D304 /* AuthenticationViewController.swift */; };
		C20DDC141D1652C20086D304 /* Keychain.swift in Sources */ = {isa = PBXBuildFile; fileRef = C20DDC131D1652C20086D304 /* Keychain.swift */; };
		C20DDC161D1673670086D304 /* NSStoryboard+Extension.swift in Sources */ = {isa = PBXBuildFile; fileRef = C20DDC151D1673670086D304 /* NSStoryboard+Extension.swift */; };
		C20DDC181D16771A0086D304 /* StoryboardRouter.swift in Sources */ = {isa = PBXBuildFile; fileRef = C20DDC171D16771A0086D304 /* StoryboardRouter.swift */; };
		C20DDC1A1D167D5F0086D304 /* RadarDocument.swift in Sources */ = {isa = PBXBuildFile; fileRef = C20DDC191D167D5F0086D304 /* RadarDocument.swift */; };
		C219CBD81D173602002F89FC /* NSStatusItem+Extension.swift in Sources */ = {isa = PBXBuildFile; fileRef = C219CBD71D173602002F89FC /* NSStatusItem+Extension.swift */; };
		C219CBDA1D1736EB002F89FC /* Application.swift in Sources */ = {isa = PBXBuildFile; fileRef = C219CBD91D1736EB002F89FC /* Application.swift */; };
		C21DAA171F00433C0016E8AA /* dsa_pub.pem in Resources */ = {isa = PBXBuildFile; fileRef = C21DAA161F00433C0016E8AA /* dsa_pub.pem */; };
		C23ED5061EFA14E1006988BA /* FileDuplicateViewController.swift in Sources */ = {isa = PBXBuildFile; fileRef = C23ED5041EFA1174006988BA /* FileDuplicateViewController.swift */; };
		C23ED5081EFA1FD1006988BA /* NSDocumentController+Extension.swift in Sources */ = {isa = PBXBuildFile; fileRef = C23ED5071EFA1FD1006988BA /* NSDocumentController+Extension.swift */; };
		C23ED50A1EFA2362006988BA /* NSProgressIndicator+Extension.swift in Sources */ = {isa = PBXBuildFile; fileRef = C23ED5091EFA2362006988BA /* NSProgressIndicator+Extension.swift */; };
		C23ED50C1EFA2DA9006988BA /* RadarIDParsingTests.swift in Sources */ = {isa = PBXBuildFile; fileRef = C23ED50B1EFA2DA9006988BA /* RadarIDParsingTests.swift */; };
		C255C4431DAB7A9C00383D0A /* ResultTests.swift in Sources */ = {isa = PBXBuildFile; fileRef = C255C4421DAB7A9C00383D0A /* ResultTests.swift */; };
		C27694501EFCD461009C3FA1 /* StringExtensionTests.swift in Sources */ = {isa = PBXBuildFile; fileRef = C276944F1EFCD461009C3FA1 /* StringExtensionTests.swift */; };
		C27694521EFD094F009C3FA1 /* OpenRadar.swift in Sources */ = {isa = PBXBuildFile; fileRef = C27694511EFD094F009C3FA1 /* OpenRadar.swift */; };
		C27694541EFD097C009C3FA1 /* String+Extension.swift in Sources */ = {isa = PBXBuildFile; fileRef = C27694531EFD097C009C3FA1 /* String+Extension.swift */; };
		C27694561EFD0BD4009C3FA1 /* openradarstrings.json in Resources */ = {isa = PBXBuildFile; fileRef = C27694551EFD0BD4009C3FA1 /* openradarstrings.json */; };
		C27A5A171E721BD300391E63 /* Attachment+Serialization.swift in Sources */ = {isa = PBXBuildFile; fileRef = C27A5A161E721BD300391E63 /* Attachment+Serialization.swift */; };
		C27DBF221EF8F039007666C3 /* OpenRadarTests.swift in Sources */ = {isa = PBXBuildFile; fileRef = C27DBF211EF8F039007666C3 /* OpenRadarTests.swift */; };
		C27DBF241EF8F071007666C3 /* Radar+OpenRadar.swift in Sources */ = {isa = PBXBuildFile; fileRef = C27DBF231EF8F071007666C3 /* Radar+OpenRadar.swift */; };
		C27DBF261EF8F12D007666C3 /* openradar.json in Resources */ = {isa = PBXBuildFile; fileRef = C27DBF251EF8F12D007666C3 /* openradar.json */; };
		C27DBF281EF8F6E2007666C3 /* DictionaryExtensionTests.swift in Sources */ = {isa = PBXBuildFile; fileRef = C27DBF271EF8F6E2007666C3 /* DictionaryExtensionTests.swift */; };
		C27DBF2B1EF8F75C007666C3 /* Dictionary+Extension.swift in Sources */ = {isa = PBXBuildFile; fileRef = C27DBF2A1EF8F75C007666C3 /* Dictionary+Extension.swift */; };
		C27F3B721D8B239B00EA3B7D /* Constants.swift in Sources */ = {isa = PBXBuildFile; fileRef = C27F3B711D8B239B00EA3B7D /* Constants.swift */; };
		C28001D91D148AB800569A72 /* AppDelegate.swift in Sources */ = {isa = PBXBuildFile; fileRef = C28001D81D148AB800569A72 /* AppDelegate.swift */; };
		C28001DD1D148AB800569A72 /* Assets.xcassets in Resources */ = {isa = PBXBuildFile; fileRef = C28001DC1D148AB800569A72 /* Assets.xcassets */; };
		C28001E01D148AB800569A72 /* Main.storyboard in Resources */ = {isa = PBXBuildFile; fileRef = C28001DE1D148AB800569A72 /* Main.storyboard */; };
		C28001F61D148AB800569A72 /* BriskUITests.swift in Sources */ = {isa = PBXBuildFile; fileRef = C28001F51D148AB800569A72 /* BriskUITests.swift */; };
		C28399CC1D148CDC00D240C4 /* RadarViewController.swift in Sources */ = {isa = PBXBuildFile; fileRef = C28399CB1D148CDC00D240C4 /* RadarViewController.swift */; };
		C2839A151D14F29B00D240C4 /* Validatable.swift in Sources */ = {isa = PBXBuildFile; fileRef = C2839A141D14F29B00D240C4 /* Validatable.swift */; };
		C2839A171D14F2B100D240C4 /* NSTextView+Extension.swift in Sources */ = {isa = PBXBuildFile; fileRef = C2839A161D14F2B100D240C4 /* NSTextView+Extension.swift */; };
		C2839A191D14F2CF00D240C4 /* NSTextField+Extension.swift in Sources */ = {isa = PBXBuildFile; fileRef = C2839A181D14F2CF00D240C4 /* NSTextField+Extension.swift */; };
		C2839A1B1D14F2E100D240C4 /* NSPopUpButton+Extension.swift in Sources */ = {isa = PBXBuildFile; fileRef = C2839A1A1D14F2E100D240C4 /* NSPopUpButton+Extension.swift */; };
		C2839A241D14FC7000D240C4 /* Result.swift in Sources */ = {isa = PBXBuildFile; fileRef = C2839A231D14FC7000D240C4 /* Result.swift */; };
		C2839A281D14FE8B00D240C4 /* Data+Extension.swift in Sources */ = {isa = PBXBuildFile; fileRef = C2839A271D14FE8B00D240C4 /* Data+Extension.swift */; };
		C2C042271EF6F781008BFC88 /* TextView.swift in Sources */ = {isa = PBXBuildFile; fileRef = C2C042261EF6F781008BFC88 /* TextView.swift */; };
		C2C360171D172A9A00217D22 /* AppleRadarPreferencesViewController.swift in Sources */ = {isa = PBXBuildFile; fileRef = C2C360161D172A9A00217D22 /* AppleRadarPreferencesViewController.swift */; };
		C2C360191D172DB400217D22 /* TabViewController.swift in Sources */ = {isa = PBXBuildFile; fileRef = C2C360181D172DB400217D22 /* TabViewController.swift */; };
		C2D0B2071DAB6D0E005E804F /* radar.json in Resources */ = {isa = PBXBuildFile; fileRef = C2D0B2061DAB6D0E005E804F /* radar.json */; };
		C2D0B2091DAB6D23005E804F /* RadarSerializationTests.swift in Sources */ = {isa = PBXBuildFile; fileRef = C2D0B2081DAB6D23005E804F /* RadarSerializationTests.swift */; };
		C2D0B20B1DAB6F00005E804F /* Radar+Serialization.swift in Sources */ = {isa = PBXBuildFile; fileRef = C2D0B20A1DAB6F00005E804F /* Radar+Serialization.swift */; };
		C2E8AE981D168A9200A65DB0 /* CascadingWindowController.swift in Sources */ = {isa = PBXBuildFile; fileRef = C2E8AE971D168A9200A65DB0 /* CascadingWindowController.swift */; };
		C2ED20581D172437002A54B0 /* OpenRadarPreferencesViewController.swift in Sources */ = {isa = PBXBuildFile; fileRef = C2ED20571D172437002A54B0 /* OpenRadarPreferencesViewController.swift */; };
		E8D9E1C51E98636300D392B7 /* GlobalHotKey.swift in Sources */ = {isa = PBXBuildFile; fileRef = E8D9E1C41E98636300D392B7 /* GlobalHotKey.swift */; };
/* End PBXBuildFile section */

/* Begin PBXContainerItemProxy section */
		C28001E71D148AB800569A72 /* PBXContainerItemProxy */ = {
			isa = PBXContainerItemProxy;
			containerPortal = C28001CD1D148AB800569A72 /* Project object */;
			proxyType = 1;
			remoteGlobalIDString = C28001D41D148AB800569A72;
			remoteInfo = Brisk;
		};
		C28001F21D148AB800569A72 /* PBXContainerItemProxy */ = {
			isa = PBXContainerItemProxy;
			containerPortal = C28001CD1D148AB800569A72 /* Project object */;
			proxyType = 1;
			remoteGlobalIDString = C28001D41D148AB800569A72;
			remoteInfo = Brisk;
		};
/* End PBXContainerItemProxy section */

/* Begin PBXFileReference section */
		0018868F17477C7D609957AD /* Pods_BriskTests.framework */ = {isa = PBXFileReference; explicitFileType = wrapper.framework; includeInIndex = 0; path = Pods_BriskTests.framework; sourceTree = BUILT_PRODUCTS_DIR; };
		45F9233FBE2D1D0D4ABF530C /* Pods-Brisk.debug.xcconfig */ = {isa = PBXFileReference; includeInIndex = 1; lastKnownFileType = text.xcconfig; name = "Pods-Brisk.debug.xcconfig"; path = "Pods/Target Support Files/Pods-Brisk/Pods-Brisk.debug.xcconfig"; sourceTree = "<group>"; };
		493890551F157F16008F9E94 /* AttachmentDroppableView.swift */ = {isa = PBXFileReference; fileEncoding = 4; lastKnownFileType = sourcecode.swift; path = AttachmentDroppableView.swift; sourceTree = "<group>"; };
		7DD69D9F6507E9D3006DC976 /* Pods-BriskTests.release.xcconfig */ = {isa = PBXFileReference; includeInIndex = 1; lastKnownFileType = text.xcconfig; name = "Pods-BriskTests.release.xcconfig"; path = "Pods/Target Support Files/Pods-BriskTests/Pods-BriskTests.release.xcconfig"; sourceTree = "<group>"; };
		9002A6E26E9C2D617DFB9460 /* Pods-Brisk.release.xcconfig */ = {isa = PBXFileReference; includeInIndex = 1; lastKnownFileType = text.xcconfig; name = "Pods-Brisk.release.xcconfig"; path = "Pods/Target Support Files/Pods-Brisk/Pods-Brisk.release.xcconfig"; sourceTree = "<group>"; };
		C2042B521D17397900DEF594 /* ViewController.swift */ = {isa = PBXFileReference; fileEncoding = 4; lastKnownFileType = sourcecode.swift; path = ViewController.swift; sourceTree = "<group>"; };
		C20DDC111D16496E0086D304 /* AuthenticationViewController.swift */ = {isa = PBXFileReference; fileEncoding = 4; lastKnownFileType = sourcecode.swift; path = AuthenticationViewController.swift; sourceTree = "<group>"; };
		C20DDC131D1652C20086D304 /* Keychain.swift */ = {isa = PBXFileReference; fileEncoding = 4; lastKnownFileType = sourcecode.swift; path = Keychain.swift; sourceTree = "<group>"; };
		C20DDC151D1673670086D304 /* NSStoryboard+Extension.swift */ = {isa = PBXFileReference; fileEncoding = 4; lastKnownFileType = sourcecode.swift; path = "NSStoryboard+Extension.swift"; sourceTree = "<group>"; };
		C20DDC171D16771A0086D304 /* StoryboardRouter.swift */ = {isa = PBXFileReference; fileEncoding = 4; lastKnownFileType = sourcecode.swift; path = StoryboardRouter.swift; sourceTree = "<group>"; };
		C20DDC191D167D5F0086D304 /* RadarDocument.swift */ = {isa = PBXFileReference; fileEncoding = 4; lastKnownFileType = sourcecode.swift; path = RadarDocument.swift; sourceTree = "<group>"; };
		C219CBD71D173602002F89FC /* NSStatusItem+Extension.swift */ = {isa = PBXFileReference; fileEncoding = 4; lastKnownFileType = sourcecode.swift; path = "NSStatusItem+Extension.swift"; sourceTree = "<group>"; };
		C219CBD91D1736EB002F89FC /* Application.swift */ = {isa = PBXFileReference; fileEncoding = 4; lastKnownFileType = sourcecode.swift; path = Application.swift; sourceTree = "<group>"; };
		C21DAA161F00433C0016E8AA /* dsa_pub.pem */ = {isa = PBXFileReference; fileEncoding = 4; lastKnownFileType = text; path = dsa_pub.pem; sourceTree = "<group>"; };
		C23ED5041EFA1174006988BA /* FileDuplicateViewController.swift */ = {isa = PBXFileReference; fileEncoding = 4; lastKnownFileType = sourcecode.swift; path = FileDuplicateViewController.swift; sourceTree = "<group>"; };
		C23ED5071EFA1FD1006988BA /* NSDocumentController+Extension.swift */ = {isa = PBXFileReference; fileEncoding = 4; lastKnownFileType = sourcecode.swift; path = "NSDocumentController+Extension.swift"; sourceTree = "<group>"; };
		C23ED5091EFA2362006988BA /* NSProgressIndicator+Extension.swift */ = {isa = PBXFileReference; fileEncoding = 4; lastKnownFileType = sourcecode.swift; path = "NSProgressIndicator+Extension.swift"; sourceTree = "<group>"; };
		C23ED50B1EFA2DA9006988BA /* RadarIDParsingTests.swift */ = {isa = PBXFileReference; fileEncoding = 4; lastKnownFileType = sourcecode.swift; path = RadarIDParsingTests.swift; sourceTree = "<group>"; };
		C255C4421DAB7A9C00383D0A /* ResultTests.swift */ = {isa = PBXFileReference; fileEncoding = 4; lastKnownFileType = sourcecode.swift; path = ResultTests.swift; sourceTree = "<group>"; };
		C276944F1EFCD461009C3FA1 /* StringExtensionTests.swift */ = {isa = PBXFileReference; fileEncoding = 4; lastKnownFileType = sourcecode.swift; path = StringExtensionTests.swift; sourceTree = "<group>"; };
		C27694511EFD094F009C3FA1 /* OpenRadar.swift */ = {isa = PBXFileReference; fileEncoding = 4; lastKnownFileType = sourcecode.swift; path = OpenRadar.swift; sourceTree = "<group>"; };
		C27694531EFD097C009C3FA1 /* String+Extension.swift */ = {isa = PBXFileReference; fileEncoding = 4; lastKnownFileType = sourcecode.swift; path = "String+Extension.swift"; sourceTree = "<group>"; };
		C27694551EFD0BD4009C3FA1 /* openradarstrings.json */ = {isa = PBXFileReference; fileEncoding = 4; lastKnownFileType = text.json; path = openradarstrings.json; sourceTree = "<group>"; };
		C27A5A161E721BD300391E63 /* Attachment+Serialization.swift */ = {isa = PBXFileReference; fileEncoding = 4; lastKnownFileType = sourcecode.swift; path = "Attachment+Serialization.swift"; sourceTree = "<group>"; };
		C27DBF211EF8F039007666C3 /* OpenRadarTests.swift */ = {isa = PBXFileReference; fileEncoding = 4; lastKnownFileType = sourcecode.swift; path = OpenRadarTests.swift; sourceTree = "<group>"; };
		C27DBF231EF8F071007666C3 /* Radar+OpenRadar.swift */ = {isa = PBXFileReference; fileEncoding = 4; lastKnownFileType = sourcecode.swift; path = "Radar+OpenRadar.swift"; sourceTree = "<group>"; };
		C27DBF251EF8F12D007666C3 /* openradar.json */ = {isa = PBXFileReference; fileEncoding = 4; lastKnownFileType = text.json; path = openradar.json; sourceTree = "<group>"; };
		C27DBF271EF8F6E2007666C3 /* DictionaryExtensionTests.swift */ = {isa = PBXFileReference; fileEncoding = 4; lastKnownFileType = sourcecode.swift; path = DictionaryExtensionTests.swift; sourceTree = "<group>"; };
		C27DBF2A1EF8F75C007666C3 /* Dictionary+Extension.swift */ = {isa = PBXFileReference; fileEncoding = 4; lastKnownFileType = sourcecode.swift; path = "Dictionary+Extension.swift"; sourceTree = "<group>"; };
		C27F3B711D8B239B00EA3B7D /* Constants.swift */ = {isa = PBXFileReference; fileEncoding = 4; lastKnownFileType = sourcecode.swift; path = Constants.swift; sourceTree = "<group>"; };
		C28001D51D148AB800569A72 /* Brisk.app */ = {isa = PBXFileReference; explicitFileType = wrapper.application; includeInIndex = 0; path = Brisk.app; sourceTree = BUILT_PRODUCTS_DIR; };
		C28001D81D148AB800569A72 /* AppDelegate.swift */ = {isa = PBXFileReference; lastKnownFileType = sourcecode.swift; path = AppDelegate.swift; sourceTree = "<group>"; };
		C28001DC1D148AB800569A72 /* Assets.xcassets */ = {isa = PBXFileReference; lastKnownFileType = folder.assetcatalog; path = Assets.xcassets; sourceTree = "<group>"; };
		C28001DF1D148AB800569A72 /* Base */ = {isa = PBXFileReference; lastKnownFileType = file.storyboard; name = Base; path = Base.lproj/Main.storyboard; sourceTree = "<group>"; };
		C28001E11D148AB800569A72 /* Info.plist */ = {isa = PBXFileReference; lastKnownFileType = text.plist.xml; path = Info.plist; sourceTree = "<group>"; };
		C28001E61D148AB800569A72 /* BriskTests.xctest */ = {isa = PBXFileReference; explicitFileType = wrapper.cfbundle; includeInIndex = 0; path = BriskTests.xctest; sourceTree = BUILT_PRODUCTS_DIR; };
		C28001EC1D148AB800569A72 /* Info.plist */ = {isa = PBXFileReference; lastKnownFileType = text.plist.xml; path = Info.plist; sourceTree = "<group>"; };
		C28001F11D148AB800569A72 /* BriskUITests.xctest */ = {isa = PBXFileReference; explicitFileType = wrapper.cfbundle; includeInIndex = 0; path = BriskUITests.xctest; sourceTree = BUILT_PRODUCTS_DIR; };
		C28001F51D148AB800569A72 /* BriskUITests.swift */ = {isa = PBXFileReference; lastKnownFileType = sourcecode.swift; path = BriskUITests.swift; sourceTree = "<group>"; };
		C28001F71D148AB800569A72 /* Info.plist */ = {isa = PBXFileReference; lastKnownFileType = text.plist.xml; path = Info.plist; sourceTree = "<group>"; };
		C28399CB1D148CDC00D240C4 /* RadarViewController.swift */ = {isa = PBXFileReference; fileEncoding = 4; lastKnownFileType = sourcecode.swift; path = RadarViewController.swift; sourceTree = "<group>"; };
		C2839A141D14F29B00D240C4 /* Validatable.swift */ = {isa = PBXFileReference; fileEncoding = 4; lastKnownFileType = sourcecode.swift; path = Validatable.swift; sourceTree = "<group>"; };
		C2839A161D14F2B100D240C4 /* NSTextView+Extension.swift */ = {isa = PBXFileReference; fileEncoding = 4; lastKnownFileType = sourcecode.swift; path = "NSTextView+Extension.swift"; sourceTree = "<group>"; };
		C2839A181D14F2CF00D240C4 /* NSTextField+Extension.swift */ = {isa = PBXFileReference; fileEncoding = 4; lastKnownFileType = sourcecode.swift; path = "NSTextField+Extension.swift"; sourceTree = "<group>"; };
		C2839A1A1D14F2E100D240C4 /* NSPopUpButton+Extension.swift */ = {isa = PBXFileReference; fileEncoding = 4; lastKnownFileType = sourcecode.swift; path = "NSPopUpButton+Extension.swift"; sourceTree = "<group>"; };
		C2839A231D14FC7000D240C4 /* Result.swift */ = {isa = PBXFileReference; fileEncoding = 4; lastKnownFileType = sourcecode.swift; path = Result.swift; sourceTree = "<group>"; };
		C2839A271D14FE8B00D240C4 /* Data+Extension.swift */ = {isa = PBXFileReference; fileEncoding = 4; lastKnownFileType = sourcecode.swift; path = "Data+Extension.swift"; sourceTree = "<group>"; };
		C2C042261EF6F781008BFC88 /* TextView.swift */ = {isa = PBXFileReference; fileEncoding = 4; lastKnownFileType = sourcecode.swift; path = TextView.swift; sourceTree = "<group>"; };
		C2C360161D172A9A00217D22 /* AppleRadarPreferencesViewController.swift */ = {isa = PBXFileReference; fileEncoding = 4; lastKnownFileType = sourcecode.swift; path = AppleRadarPreferencesViewController.swift; sourceTree = "<group>"; };
		C2C360181D172DB400217D22 /* TabViewController.swift */ = {isa = PBXFileReference; fileEncoding = 4; lastKnownFileType = sourcecode.swift; path = TabViewController.swift; sourceTree = "<group>"; };
		C2D0B2061DAB6D0E005E804F /* radar.json */ = {isa = PBXFileReference; fileEncoding = 4; lastKnownFileType = text.json; path = radar.json; sourceTree = "<group>"; };
		C2D0B2081DAB6D23005E804F /* RadarSerializationTests.swift */ = {isa = PBXFileReference; fileEncoding = 4; lastKnownFileType = sourcecode.swift; path = RadarSerializationTests.swift; sourceTree = "<group>"; };
		C2D0B20A1DAB6F00005E804F /* Radar+Serialization.swift */ = {isa = PBXFileReference; fileEncoding = 4; lastKnownFileType = sourcecode.swift; path = "Radar+Serialization.swift"; sourceTree = "<group>"; };
		C2E8AE971D168A9200A65DB0 /* CascadingWindowController.swift */ = {isa = PBXFileReference; fileEncoding = 4; lastKnownFileType = sourcecode.swift; path = CascadingWindowController.swift; sourceTree = "<group>"; };
		C2ED20571D172437002A54B0 /* OpenRadarPreferencesViewController.swift */ = {isa = PBXFileReference; fileEncoding = 4; lastKnownFileType = sourcecode.swift; path = OpenRadarPreferencesViewController.swift; sourceTree = "<group>"; };
		C88425AC44C8AB4389F2A583 /* Pods_Brisk.framework */ = {isa = PBXFileReference; explicitFileType = wrapper.framework; includeInIndex = 0; path = Pods_Brisk.framework; sourceTree = BUILT_PRODUCTS_DIR; };
		E8D9E1C41E98636300D392B7 /* GlobalHotKey.swift */ = {isa = PBXFileReference; fileEncoding = 4; lastKnownFileType = sourcecode.swift; path = GlobalHotKey.swift; sourceTree = "<group>"; };
		F4A33BC64FC74AD0621A14C7 /* Pods-BriskTests.debug.xcconfig */ = {isa = PBXFileReference; includeInIndex = 1; lastKnownFileType = text.xcconfig; name = "Pods-BriskTests.debug.xcconfig"; path = "Pods/Target Support Files/Pods-BriskTests/Pods-BriskTests.debug.xcconfig"; sourceTree = "<group>"; };
/* End PBXFileReference section */

/* Begin PBXFrameworksBuildPhase section */
		C28001D21D148AB800569A72 /* Frameworks */ = {
			isa = PBXFrameworksBuildPhase;
			buildActionMask = 2147483647;
			files = (
				1BA2CE444CBF0C961AEF74B3 /* Pods_Brisk.framework in Frameworks */,
			);
			runOnlyForDeploymentPostprocessing = 0;
		};
		C28001E31D148AB800569A72 /* Frameworks */ = {
			isa = PBXFrameworksBuildPhase;
			buildActionMask = 2147483647;
			files = (
				BADCFD626E46B81044A115B2 /* Pods_BriskTests.framework in Frameworks */,
			);
			runOnlyForDeploymentPostprocessing = 0;
		};
		C28001EE1D148AB800569A72 /* Frameworks */ = {
			isa = PBXFrameworksBuildPhase;
			buildActionMask = 2147483647;
			files = (
			);
			runOnlyForDeploymentPostprocessing = 0;
		};
/* End PBXFrameworksBuildPhase section */

/* Begin PBXGroup section */
		126829078580050524ADC48E /* Pods */ = {
			isa = PBXGroup;
			children = (
				45F9233FBE2D1D0D4ABF530C /* Pods-Brisk.debug.xcconfig */,
				9002A6E26E9C2D617DFB9460 /* Pods-Brisk.release.xcconfig */,
				F4A33BC64FC74AD0621A14C7 /* Pods-BriskTests.debug.xcconfig */,
				7DD69D9F6507E9D3006DC976 /* Pods-BriskTests.release.xcconfig */,
			);
			name = Pods;
			sourceTree = "<group>";
		};
		C255C4401DAB79C100383D0A /* Resources */ = {
			isa = PBXGroup;
			children = (
				C28001EC1D148AB800569A72 /* Info.plist */,
				C27DBF251EF8F12D007666C3 /* openradar.json */,
				C27694551EFD0BD4009C3FA1 /* openradarstrings.json */,
				C2D0B2061DAB6D0E005E804F /* radar.json */,
			);
			path = Resources;
			sourceTree = "<group>";
		};
		C255C4411DAB79CC00383D0A /* Resources */ = {
			isa = PBXGroup;
			children = (
				C28001F71D148AB800569A72 /* Info.plist */,
			);
			path = Resources;
			sourceTree = "<group>";
		};
		C28001CC1D148AB800569A72 = {
			isa = PBXGroup;
			children = (
				C28001D71D148AB800569A72 /* Brisk */,
				C28001E91D148AB800569A72 /* BriskTests */,
				C28001F41D148AB800569A72 /* BriskUITests */,
				C4CC83B6A8A6286F3AF47B9F /* Frameworks */,
				126829078580050524ADC48E /* Pods */,
				C28001D61D148AB800569A72 /* Products */,
			);
			sourceTree = "<group>";
		};
		C28001D61D148AB800569A72 /* Products */ = {
			isa = PBXGroup;
			children = (
				C28001D51D148AB800569A72 /* Brisk.app */,
				C28001E61D148AB800569A72 /* BriskTests.xctest */,
				C28001F11D148AB800569A72 /* BriskUITests.xctest */,
			);
			name = Products;
			sourceTree = "<group>";
		};
		C28001D71D148AB800569A72 /* Brisk */ = {
			isa = PBXGroup;
			children = (
				C2839A211D14F5BF00D240C4 /* Controllers */,
				C2839A1E1D14F59400D240C4 /* Extensions */,
				C2839A201D14F5A900D240C4 /* Models */,
				C2839A221D14F5CC00D240C4 /* Resources */,
				C2C042251EF6F781008BFC88 /* Views */,
				C28001D81D148AB800569A72 /* AppDelegate.swift */,
				C219CBD91D1736EB002F89FC /* Application.swift */,
				E8D9E1C41E98636300D392B7 /* GlobalHotKey.swift */,
				C27F3B711D8B239B00EA3B7D /* Constants.swift */,
				C20DDC131D1652C20086D304 /* Keychain.swift */,
				C20DDC171D16771A0086D304 /* StoryboardRouter.swift */,
			);
			path = Brisk;
			sourceTree = "<group>";
		};
		C28001E91D148AB800569A72 /* BriskTests */ = {
			isa = PBXGroup;
			children = (
				C27DBF271EF8F6E2007666C3 /* DictionaryExtensionTests.swift */,
				C27DBF211EF8F039007666C3 /* OpenRadarTests.swift */,
				C23ED50B1EFA2DA9006988BA /* RadarIDParsingTests.swift */,
				C2D0B2081DAB6D23005E804F /* RadarSerializationTests.swift */,
				C255C4401DAB79C100383D0A /* Resources */,
				C255C4421DAB7A9C00383D0A /* ResultTests.swift */,
				C276944F1EFCD461009C3FA1 /* StringExtensionTests.swift */,
			);
			path = BriskTests;
			sourceTree = "<group>";
		};
		C28001F41D148AB800569A72 /* BriskUITests */ = {
			isa = PBXGroup;
			children = (
				C28001F51D148AB800569A72 /* BriskUITests.swift */,
				C255C4411DAB79CC00383D0A /* Resources */,
			);
			path = BriskUITests;
			sourceTree = "<group>";
		};
		C2839A1E1D14F59400D240C4 /* Extensions */ = {
			isa = PBXGroup;
			children = (
				C27A5A161E721BD300391E63 /* Attachment+Serialization.swift */,
				C2839A271D14FE8B00D240C4 /* Data+Extension.swift */,
				C27DBF2A1EF8F75C007666C3 /* Dictionary+Extension.swift */,
				C23ED5071EFA1FD1006988BA /* NSDocumentController+Extension.swift */,
				C2839A1A1D14F2E100D240C4 /* NSPopUpButton+Extension.swift */,
				C23ED5091EFA2362006988BA /* NSProgressIndicator+Extension.swift */,
				C219CBD71D173602002F89FC /* NSStatusItem+Extension.swift */,
				C20DDC151D1673670086D304 /* NSStoryboard+Extension.swift */,
				C2839A181D14F2CF00D240C4 /* NSTextField+Extension.swift */,
				C2839A161D14F2B100D240C4 /* NSTextView+Extension.swift */,
				C27DBF231EF8F071007666C3 /* Radar+OpenRadar.swift */,
				C2D0B20A1DAB6F00005E804F /* Radar+Serialization.swift */,
				C27694531EFD097C009C3FA1 /* String+Extension.swift */,
			);
			path = Extensions;
			sourceTree = "<group>";
		};
		C2839A201D14F5A900D240C4 /* Models */ = {
			isa = PBXGroup;
			children = (
				C27694511EFD094F009C3FA1 /* OpenRadar.swift */,
				C20DDC191D167D5F0086D304 /* RadarDocument.swift */,
				C2839A231D14FC7000D240C4 /* Result.swift */,
				C2839A141D14F29B00D240C4 /* Validatable.swift */,
			);
			path = Models;
			sourceTree = "<group>";
		};
		C2839A211D14F5BF00D240C4 /* Controllers */ = {
			isa = PBXGroup;
			children = (
				C2C360161D172A9A00217D22 /* AppleRadarPreferencesViewController.swift */,
				C20DDC111D16496E0086D304 /* AuthenticationViewController.swift */,
				C2E8AE971D168A9200A65DB0 /* CascadingWindowController.swift */,
				C23ED5041EFA1174006988BA /* FileDuplicateViewController.swift */,
				C2ED20571D172437002A54B0 /* OpenRadarPreferencesViewController.swift */,
				C28399CB1D148CDC00D240C4 /* RadarViewController.swift */,
				C2C360181D172DB400217D22 /* TabViewController.swift */,
				C2042B521D17397900DEF594 /* ViewController.swift */,
			);
			path = Controllers;
			sourceTree = "<group>";
		};
		C2839A221D14F5CC00D240C4 /* Resources */ = {
			isa = PBXGroup;
			children = (
				C28001DC1D148AB800569A72 /* Assets.xcassets */,
				C21DAA161F00433C0016E8AA /* dsa_pub.pem */,
				C28001E11D148AB800569A72 /* Info.plist */,
				C28001DE1D148AB800569A72 /* Main.storyboard */,
			);
			path = Resources;
			sourceTree = "<group>";
		};
		C2C042251EF6F781008BFC88 /* Views */ = {
			isa = PBXGroup;
			children = (
				493890551F157F16008F9E94 /* AttachmentDroppableView.swift */,
				C2C042261EF6F781008BFC88 /* TextView.swift */,
			);
			path = Views;
			sourceTree = "<group>";
		};
		C4CC83B6A8A6286F3AF47B9F /* Frameworks */ = {
			isa = PBXGroup;
			children = (
				C88425AC44C8AB4389F2A583 /* Pods_Brisk.framework */,
				0018868F17477C7D609957AD /* Pods_BriskTests.framework */,
			);
			name = Frameworks;
			sourceTree = "<group>";
		};
/* End PBXGroup section */

/* Begin PBXNativeTarget section */
		C28001D41D148AB800569A72 /* Brisk */ = {
			isa = PBXNativeTarget;
			buildConfigurationList = C28001FA1D148AB800569A72 /* Build configuration list for PBXNativeTarget "Brisk" */;
			buildPhases = (
				5044117728B28669F55893B3 /* [CP] Check Pods Manifest.lock */,
				C28001D11D148AB800569A72 /* Sources */,
				C28001D21D148AB800569A72 /* Frameworks */,
				C28001D31D148AB800569A72 /* Resources */,
				0FE9F8AD31E59F6784A7B564 /* [CP] Embed Pods Frameworks */,
				CCDAF9227C8454928AD3CBF0 /* [CP] Copy Pods Resources */,
			);
			buildRules = (
			);
			dependencies = (
			);
			name = Brisk;
			productName = Brisk;
			productReference = C28001D51D148AB800569A72 /* Brisk.app */;
			productType = "com.apple.product-type.application";
		};
		C28001E51D148AB800569A72 /* BriskTests */ = {
			isa = PBXNativeTarget;
			buildConfigurationList = C28001FD1D148AB800569A72 /* Build configuration list for PBXNativeTarget "BriskTests" */;
			buildPhases = (
				216322EDA7CE01E4C1AF627A /* [CP] Check Pods Manifest.lock */,
				C28001E21D148AB800569A72 /* Sources */,
				C28001E31D148AB800569A72 /* Frameworks */,
				C28001E41D148AB800569A72 /* Resources */,
				0DE5F5B8CCFB9C76C40B6419 /* [CP] Embed Pods Frameworks */,
				3E61C15B958FB16681C486D8 /* [CP] Copy Pods Resources */,
			);
			buildRules = (
			);
			dependencies = (
				C28001E81D148AB800569A72 /* PBXTargetDependency */,
			);
			name = BriskTests;
			productName = BriskTests;
			productReference = C28001E61D148AB800569A72 /* BriskTests.xctest */;
			productType = "com.apple.product-type.bundle.unit-test";
		};
		C28001F01D148AB800569A72 /* BriskUITests */ = {
			isa = PBXNativeTarget;
			buildConfigurationList = C28002001D148AB800569A72 /* Build configuration list for PBXNativeTarget "BriskUITests" */;
			buildPhases = (
				C28001ED1D148AB800569A72 /* Sources */,
				C28001EE1D148AB800569A72 /* Frameworks */,
				C28001EF1D148AB800569A72 /* Resources */,
			);
			buildRules = (
			);
			dependencies = (
				C28001F31D148AB800569A72 /* PBXTargetDependency */,
			);
			name = BriskUITests;
			productName = BriskUITests;
			productReference = C28001F11D148AB800569A72 /* BriskUITests.xctest */;
			productType = "com.apple.product-type.bundle.ui-testing";
		};
/* End PBXNativeTarget section */

/* Begin PBXProject section */
		C28001CD1D148AB800569A72 /* Project object */ = {
			isa = PBXProject;
			attributes = {
				LastSwiftUpdateCheck = 0730;
				LastUpgradeCheck = 0920;
				ORGANIZATIONNAME = Brisk;
				TargetAttributes = {
					C28001D41D148AB800569A72 = {
						CreatedOnToolsVersion = 7.3.1;
						LastSwiftMigration = 0920;
					};
					C28001E51D148AB800569A72 = {
						CreatedOnToolsVersion = 7.3.1;
						LastSwiftMigration = 0920;
						TestTargetID = C28001D41D148AB800569A72;
					};
					C28001F01D148AB800569A72 = {
						CreatedOnToolsVersion = 7.3.1;
						LastSwiftMigration = 0920;
						TestTargetID = C28001D41D148AB800569A72;
					};
				};
			};
			buildConfigurationList = C28001D01D148AB800569A72 /* Build configuration list for PBXProject "Brisk" */;
			compatibilityVersion = "Xcode 3.2";
			developmentRegion = English;
			hasScannedForEncodings = 0;
			knownRegions = (
				en,
				Base,
			);
			mainGroup = C28001CC1D148AB800569A72;
			productRefGroup = C28001D61D148AB800569A72 /* Products */;
			projectDirPath = "";
			projectRoot = "";
			targets = (
				C28001D41D148AB800569A72 /* Brisk */,
				C28001E51D148AB800569A72 /* BriskTests */,
				C28001F01D148AB800569A72 /* BriskUITests */,
			);
		};
/* End PBXProject section */

/* Begin PBXResourcesBuildPhase section */
		C28001D31D148AB800569A72 /* Resources */ = {
			isa = PBXResourcesBuildPhase;
			buildActionMask = 2147483647;
			files = (
				C28001DD1D148AB800569A72 /* Assets.xcassets in Resources */,
				C21DAA171F00433C0016E8AA /* dsa_pub.pem in Resources */,
				C28001E01D148AB800569A72 /* Main.storyboard in Resources */,
			);
			runOnlyForDeploymentPostprocessing = 0;
		};
		C28001E41D148AB800569A72 /* Resources */ = {
			isa = PBXResourcesBuildPhase;
			buildActionMask = 2147483647;
			files = (
				C27694561EFD0BD4009C3FA1 /* openradarstrings.json in Resources */,
				C27DBF261EF8F12D007666C3 /* openradar.json in Resources */,
				C2D0B2071DAB6D0E005E804F /* radar.json in Resources */,
			);
			runOnlyForDeploymentPostprocessing = 0;
		};
		C28001EF1D148AB800569A72 /* Resources */ = {
			isa = PBXResourcesBuildPhase;
			buildActionMask = 2147483647;
			files = (
			);
			runOnlyForDeploymentPostprocessing = 0;
		};
/* End PBXResourcesBuildPhase section */

/* Begin PBXShellScriptBuildPhase section */
		0DE5F5B8CCFB9C76C40B6419 /* [CP] Embed Pods Frameworks */ = {
			isa = PBXShellScriptBuildPhase;
			buildActionMask = 2147483647;
			files = (
			);
			inputPaths = (
			);
			name = "[CP] Embed Pods Frameworks";
			outputPaths = (
			);
			runOnlyForDeploymentPostprocessing = 0;
			shellPath = /bin/sh;
			shellScript = "\"${SRCROOT}/Pods/Target Support Files/Pods-BriskTests/Pods-BriskTests-frameworks.sh\"\n";
			showEnvVarsInLog = 0;
		};
		0FE9F8AD31E59F6784A7B564 /* [CP] Embed Pods Frameworks */ = {
			isa = PBXShellScriptBuildPhase;
			buildActionMask = 2147483647;
			files = (
			);
			inputPaths = (
			);
			name = "[CP] Embed Pods Frameworks";
			outputPaths = (
			);
			runOnlyForDeploymentPostprocessing = 0;
			shellPath = /bin/sh;
			shellScript = "\"${SRCROOT}/Pods/Target Support Files/Pods-Brisk/Pods-Brisk-frameworks.sh\"\n";
			showEnvVarsInLog = 0;
		};
		216322EDA7CE01E4C1AF627A /* [CP] Check Pods Manifest.lock */ = {
			isa = PBXShellScriptBuildPhase;
			buildActionMask = 2147483647;
			files = (
			);
			inputPaths = (
			);
			name = "[CP] Check Pods Manifest.lock";
			outputPaths = (
			);
			runOnlyForDeploymentPostprocessing = 0;
			shellPath = /bin/sh;
			shellScript = "diff \"${PODS_PODFILE_DIR_PATH}/Podfile.lock\" \"${PODS_ROOT}/Manifest.lock\" > /dev/null\nif [ $? != 0 ] ; then\n    # print error to STDERR\n    echo \"error: The sandbox is not in sync with the Podfile.lock. Run 'pod install' or update your CocoaPods installation.\" >&2\n    exit 1\nfi\n";
			showEnvVarsInLog = 0;
		};
		3E61C15B958FB16681C486D8 /* [CP] Copy Pods Resources */ = {
			isa = PBXShellScriptBuildPhase;
			buildActionMask = 2147483647;
			files = (
			);
			inputPaths = (
			);
			name = "[CP] Copy Pods Resources";
			outputPaths = (
			);
			runOnlyForDeploymentPostprocessing = 0;
			shellPath = /bin/sh;
			shellScript = "\"${SRCROOT}/Pods/Target Support Files/Pods-BriskTests/Pods-BriskTests-resources.sh\"\n";
			showEnvVarsInLog = 0;
		};
		5044117728B28669F55893B3 /* [CP] Check Pods Manifest.lock */ = {
			isa = PBXShellScriptBuildPhase;
			buildActionMask = 2147483647;
			files = (
			);
			inputPaths = (
			);
			name = "[CP] Check Pods Manifest.lock";
			outputPaths = (
			);
			runOnlyForDeploymentPostprocessing = 0;
			shellPath = /bin/sh;
			shellScript = "diff \"${PODS_PODFILE_DIR_PATH}/Podfile.lock\" \"${PODS_ROOT}/Manifest.lock\" > /dev/null\nif [ $? != 0 ] ; then\n    # print error to STDERR\n    echo \"error: The sandbox is not in sync with the Podfile.lock. Run 'pod install' or update your CocoaPods installation.\" >&2\n    exit 1\nfi\n";
			showEnvVarsInLog = 0;
		};
		CCDAF9227C8454928AD3CBF0 /* [CP] Copy Pods Resources */ = {
			isa = PBXShellScriptBuildPhase;
			buildActionMask = 2147483647;
			files = (
			);
			inputPaths = (
			);
			name = "[CP] Copy Pods Resources";
			outputPaths = (
			);
			runOnlyForDeploymentPostprocessing = 0;
			shellPath = /bin/sh;
			shellScript = "\"${SRCROOT}/Pods/Target Support Files/Pods-Brisk/Pods-Brisk-resources.sh\"\n";
			showEnvVarsInLog = 0;
		};
/* End PBXShellScriptBuildPhase section */

/* Begin PBXSourcesBuildPhase section */
		C28001D11D148AB800569A72 /* Sources */ = {
			isa = PBXSourcesBuildPhase;
			buildActionMask = 2147483647;
			files = (
				C219CBDA1D1736EB002F89FC /* Application.swift in Sources */,
				C2ED20581D172437002A54B0 /* OpenRadarPreferencesViewController.swift in Sources */,
				C2839A1B1D14F2E100D240C4 /* NSPopUpButton+Extension.swift in Sources */,
				C27DBF241EF8F071007666C3 /* Radar+OpenRadar.swift in Sources */,
				C219CBD81D173602002F89FC /* NSStatusItem+Extension.swift in Sources */,
				493890561F157F16008F9E94 /* AttachmentDroppableView.swift in Sources */,
				C2042B531D17397900DEF594 /* ViewController.swift in Sources */,
				C2E8AE981D168A9200A65DB0 /* CascadingWindowController.swift in Sources */,
				C27F3B721D8B239B00EA3B7D /* Constants.swift in Sources */,
				C23ED5081EFA1FD1006988BA /* NSDocumentController+Extension.swift in Sources */,
				C20DDC161D1673670086D304 /* NSStoryboard+Extension.swift in Sources */,
				C2839A281D14FE8B00D240C4 /* Data+Extension.swift in Sources */,
				C23ED5061EFA14E1006988BA /* FileDuplicateViewController.swift in Sources */,
				C2839A241D14FC7000D240C4 /* Result.swift in Sources */,
				E8D9E1C51E98636300D392B7 /* GlobalHotKey.swift in Sources */,
				C2C360191D172DB400217D22 /* TabViewController.swift in Sources */,
				C20DDC141D1652C20086D304 /* Keychain.swift in Sources */,
				C27694541EFD097C009C3FA1 /* String+Extension.swift in Sources */,
				C28001D91D148AB800569A72 /* AppDelegate.swift in Sources */,
				C2C042271EF6F781008BFC88 /* TextView.swift in Sources */,
				C28399CC1D148CDC00D240C4 /* RadarViewController.swift in Sources */,
				C2D0B20B1DAB6F00005E804F /* Radar+Serialization.swift in Sources */,
				C20DDC181D16771A0086D304 /* StoryboardRouter.swift in Sources */,
				C2839A151D14F29B00D240C4 /* Validatable.swift in Sources */,
				C20DDC121D16496E0086D304 /* AuthenticationViewController.swift in Sources */,
				C23ED50A1EFA2362006988BA /* NSProgressIndicator+Extension.swift in Sources */,
				C27A5A171E721BD300391E63 /* Attachment+Serialization.swift in Sources */,
				C2839A191D14F2CF00D240C4 /* NSTextField+Extension.swift in Sources */,
				C27DBF2B1EF8F75C007666C3 /* Dictionary+Extension.swift in Sources */,
				C2C360171D172A9A00217D22 /* AppleRadarPreferencesViewController.swift in Sources */,
				C2839A171D14F2B100D240C4 /* NSTextView+Extension.swift in Sources */,
				C20DDC1A1D167D5F0086D304 /* RadarDocument.swift in Sources */,
				C27694521EFD094F009C3FA1 /* OpenRadar.swift in Sources */,
			);
			runOnlyForDeploymentPostprocessing = 0;
		};
		C28001E21D148AB800569A72 /* Sources */ = {
			isa = PBXSourcesBuildPhase;
			buildActionMask = 2147483647;
			files = (
				C27DBF221EF8F039007666C3 /* OpenRadarTests.swift in Sources */,
				C27DBF281EF8F6E2007666C3 /* DictionaryExtensionTests.swift in Sources */,
				C27694501EFCD461009C3FA1 /* StringExtensionTests.swift in Sources */,
				C255C4431DAB7A9C00383D0A /* ResultTests.swift in Sources */,
				C23ED50C1EFA2DA9006988BA /* RadarIDParsingTests.swift in Sources */,
				C2D0B2091DAB6D23005E804F /* RadarSerializationTests.swift in Sources */,
			);
			runOnlyForDeploymentPostprocessing = 0;
		};
		C28001ED1D148AB800569A72 /* Sources */ = {
			isa = PBXSourcesBuildPhase;
			buildActionMask = 2147483647;
			files = (
				C28001F61D148AB800569A72 /* BriskUITests.swift in Sources */,
			);
			runOnlyForDeploymentPostprocessing = 0;
		};
/* End PBXSourcesBuildPhase section */

/* Begin PBXTargetDependency section */
		C28001E81D148AB800569A72 /* PBXTargetDependency */ = {
			isa = PBXTargetDependency;
			target = C28001D41D148AB800569A72 /* Brisk */;
			targetProxy = C28001E71D148AB800569A72 /* PBXContainerItemProxy */;
		};
		C28001F31D148AB800569A72 /* PBXTargetDependency */ = {
			isa = PBXTargetDependency;
			target = C28001D41D148AB800569A72 /* Brisk */;
			targetProxy = C28001F21D148AB800569A72 /* PBXContainerItemProxy */;
		};
/* End PBXTargetDependency section */

/* Begin PBXVariantGroup section */
		C28001DE1D148AB800569A72 /* Main.storyboard */ = {
			isa = PBXVariantGroup;
			children = (
				C28001DF1D148AB800569A72 /* Base */,
			);
			name = Main.storyboard;
			path = .;
			sourceTree = "<group>";
		};
/* End PBXVariantGroup section */

/* Begin XCBuildConfiguration section */
		C28001F81D148AB800569A72 /* Debug */ = {
			isa = XCBuildConfiguration;
			buildSettings = {
				CLANG_WARN_BLOCK_CAPTURE_AUTORELEASING = YES;
				CLANG_WARN_BOOL_CONVERSION = YES;
				CLANG_WARN_COMMA = YES;
				CLANG_WARN_CONSTANT_CONVERSION = YES;
				CLANG_WARN_EMPTY_BODY = YES;
				CLANG_WARN_ENUM_CONVERSION = YES;
				CLANG_WARN_INFINITE_RECURSION = YES;
				CLANG_WARN_INT_CONVERSION = YES;
				CLANG_WARN_NON_LITERAL_NULL_CONVERSION = YES;
				CLANG_WARN_OBJC_LITERAL_CONVERSION = YES;
				CLANG_WARN_RANGE_LOOP_ANALYSIS = YES;
				CLANG_WARN_STRICT_PROTOTYPES = YES;
				CLANG_WARN_SUSPICIOUS_MOVE = YES;
				CLANG_WARN_UNREACHABLE_CODE = YES;
				CLANG_WARN__DUPLICATE_METHOD_MATCH = YES;
				CODE_SIGN_IDENTITY = "-";
				COPY_PHASE_STRIP = NO;
				DEBUG_INFORMATION_FORMAT = "dwarf-with-dsym";
				ENABLE_STRICT_OBJC_MSGSEND = YES;
				ENABLE_TESTABILITY = YES;
				GCC_NO_COMMON_BLOCKS = YES;
				GCC_WARN_64_TO_32_BIT_CONVERSION = YES;
				GCC_WARN_ABOUT_RETURN_TYPE = YES;
				GCC_WARN_UNDECLARED_SELECTOR = YES;
				GCC_WARN_UNINITIALIZED_AUTOS = YES;
				GCC_WARN_UNUSED_FUNCTION = YES;
				GCC_WARN_UNUSED_VARIABLE = YES;
				MACOSX_DEPLOYMENT_TARGET = 10.11;
				ONLY_ACTIVE_ARCH = YES;
				SDKROOT = macosx;
				SWIFT_OPTIMIZATION_LEVEL = "-Onone";
			};
			name = Debug;
		};
		C28001F91D148AB800569A72 /* Release */ = {
			isa = XCBuildConfiguration;
			buildSettings = {
				CLANG_WARN_BLOCK_CAPTURE_AUTORELEASING = YES;
				CLANG_WARN_BOOL_CONVERSION = YES;
				CLANG_WARN_COMMA = YES;
				CLANG_WARN_CONSTANT_CONVERSION = YES;
				CLANG_WARN_EMPTY_BODY = YES;
				CLANG_WARN_ENUM_CONVERSION = YES;
				CLANG_WARN_INFINITE_RECURSION = YES;
				CLANG_WARN_INT_CONVERSION = YES;
				CLANG_WARN_NON_LITERAL_NULL_CONVERSION = YES;
				CLANG_WARN_OBJC_LITERAL_CONVERSION = YES;
				CLANG_WARN_RANGE_LOOP_ANALYSIS = YES;
				CLANG_WARN_STRICT_PROTOTYPES = YES;
				CLANG_WARN_SUSPICIOUS_MOVE = YES;
				CLANG_WARN_UNREACHABLE_CODE = YES;
				CLANG_WARN__DUPLICATE_METHOD_MATCH = YES;
				CODE_SIGN_IDENTITY = "-";
				COPY_PHASE_STRIP = NO;
				DEBUG_INFORMATION_FORMAT = "dwarf-with-dsym";
				ENABLE_STRICT_OBJC_MSGSEND = YES;
				GCC_NO_COMMON_BLOCKS = YES;
				GCC_WARN_64_TO_32_BIT_CONVERSION = YES;
				GCC_WARN_ABOUT_RETURN_TYPE = YES;
				GCC_WARN_UNDECLARED_SELECTOR = YES;
				GCC_WARN_UNINITIALIZED_AUTOS = YES;
				GCC_WARN_UNUSED_FUNCTION = YES;
				GCC_WARN_UNUSED_VARIABLE = YES;
				MACOSX_DEPLOYMENT_TARGET = 10.11;
				SDKROOT = macosx;
				SWIFT_OPTIMIZATION_LEVEL = "-Owholemodule";
			};
			name = Release;
		};
		C28001FB1D148AB800569A72 /* Debug */ = {
			isa = XCBuildConfiguration;
			baseConfigurationReference = 45F9233FBE2D1D0D4ABF530C /* Pods-Brisk.debug.xcconfig */;
			buildSettings = {
				ASSETCATALOG_COMPILER_APPICON_NAME = AppIcon;
				COMBINE_HIDPI_IMAGES = YES;
				DSTROOT = /;
				INFOPLIST_FILE = Brisk/Resources/Info.plist;
				PRODUCT_BUNDLE_IDENTIFIER = com.brisk.Brisk;
				PRODUCT_NAME = "$(TARGET_NAME)";
				SWIFT_VERSION = 4.0;
			};
			name = Debug;
		};
		C28001FC1D148AB800569A72 /* Release */ = {
			isa = XCBuildConfiguration;
			baseConfigurationReference = 9002A6E26E9C2D617DFB9460 /* Pods-Brisk.release.xcconfig */;
			buildSettings = {
				ASSETCATALOG_COMPILER_APPICON_NAME = AppIcon;
				COMBINE_HIDPI_IMAGES = YES;
				DSTROOT = /;
				INFOPLIST_FILE = Brisk/Resources/Info.plist;
				PRODUCT_BUNDLE_IDENTIFIER = com.brisk.Brisk;
				PRODUCT_NAME = "$(TARGET_NAME)";
				SWIFT_TREAT_WARNINGS_AS_ERRORS = YES;
				SWIFT_VERSION = 4.0;
			};
			name = Release;
		};
		C28001FE1D148AB800569A72 /* Debug */ = {
			isa = XCBuildConfiguration;
			baseConfigurationReference = F4A33BC64FC74AD0621A14C7 /* Pods-BriskTests.debug.xcconfig */;
			buildSettings = {
				BUNDLE_LOADER = "$(TEST_HOST)";
				COMBINE_HIDPI_IMAGES = YES;
				INFOPLIST_FILE = BriskTests/Resources/Info.plist;
				LD_RUNPATH_SEARCH_PATHS = "$(inherited) '@executable_path/../Frameworks' '@loader_path/Frameworks' '@loader_path/../Frameworks'";
				PRODUCT_BUNDLE_IDENTIFIER = com.brisk.BriskTests;
				PRODUCT_NAME = "$(TARGET_NAME)";
				SWIFT_TREAT_WARNINGS_AS_ERRORS = YES;
				SWIFT_VERSION = 4.0;
				TEST_HOST = "$(BUILT_PRODUCTS_DIR)/Brisk.app/Contents/MacOS/Brisk";
			};
			name = Debug;
		};
		C28001FF1D148AB800569A72 /* Release */ = {
			isa = XCBuildConfiguration;
			baseConfigurationReference = 7DD69D9F6507E9D3006DC976 /* Pods-BriskTests.release.xcconfig */;
			buildSettings = {
				BUNDLE_LOADER = "$(TEST_HOST)";
				COMBINE_HIDPI_IMAGES = YES;
				INFOPLIST_FILE = BriskTests/Resources/Info.plist;
				LD_RUNPATH_SEARCH_PATHS = "$(inherited) '@executable_path/../Frameworks' '@loader_path/Frameworks' '@loader_path/../Frameworks'";
				PRODUCT_BUNDLE_IDENTIFIER = com.brisk.BriskTests;
				PRODUCT_NAME = "$(TARGET_NAME)";
				SWIFT_TREAT_WARNINGS_AS_ERRORS = YES;
				SWIFT_VERSION = 4.0;
				TEST_HOST = "$(BUILT_PRODUCTS_DIR)/Brisk.app/Contents/MacOS/Brisk";
			};
			name = Release;
		};
		C28002011D148AB800569A72 /* Debug */ = {
			isa = XCBuildConfiguration;
			buildSettings = {
				COMBINE_HIDPI_IMAGES = YES;
				INFOPLIST_FILE = BriskUITests/Resources/Info.plist;
				PRODUCT_BUNDLE_IDENTIFIER = com.brisk.BriskUITests;
				PRODUCT_NAME = "$(TARGET_NAME)";
				SWIFT_TREAT_WARNINGS_AS_ERRORS = YES;
				SWIFT_VERSION = 4.0;
			};
			name = Debug;
		};
		C28002021D148AB800569A72 /* Release */ = {
			isa = XCBuildConfiguration;
			buildSettings = {
				COMBINE_HIDPI_IMAGES = YES;
				INFOPLIST_FILE = BriskUITests/Resources/Info.plist;
				PRODUCT_BUNDLE_IDENTIFIER = com.brisk.BriskUITests;
				PRODUCT_NAME = "$(TARGET_NAME)";
				SWIFT_TREAT_WARNINGS_AS_ERRORS = YES;
				SWIFT_VERSION = 4.0;
			};
			name = Release;
		};
/* End XCBuildConfiguration section */

/* Begin XCConfigurationList section */
		C28001D01D148AB800569A72 /* Build configuration list for PBXProject "Brisk" */ = {
			isa = XCConfigurationList;
			buildConfigurations = (
				C28001F81D148AB800569A72 /* Debug */,
				C28001F91D148AB800569A72 /* Release */,
			);
			defaultConfigurationIsVisible = 0;
			defaultConfigurationName = Release;
		};
		C28001FA1D148AB800569A72 /* Build configuration list for PBXNativeTarget "Brisk" */ = {
			isa = XCConfigurationList;
			buildConfigurations = (
				C28001FB1D148AB800569A72 /* Debug */,
				C28001FC1D148AB800569A72 /* Release */,
			);
			defaultConfigurationIsVisible = 0;
			defaultConfigurationName = Release;
		};
		C28001FD1D148AB800569A72 /* Build configuration list for PBXNativeTarget "BriskTests" */ = {
			isa = XCConfigurationList;
			buildConfigurations = (
				C28001FE1D148AB800569A72 /* Debug */,
				C28001FF1D148AB800569A72 /* Release */,
			);
			defaultConfigurationIsVisible = 0;
			defaultConfigurationName = Release;
		};
		C28002001D148AB800569A72 /* Build configuration list for PBXNativeTarget "BriskUITests" */ = {
			isa = XCConfigurationList;
			buildConfigurations = (
				C28002011D148AB800569A72 /* Debug */,
				C28002021D148AB800569A72 /* Release */,
			);
			defaultConfigurationIsVisible = 0;
			defaultConfigurationName = Release;
		};
/* End XCConfigurationList section */
	};
	rootObject = C28001CD1D148AB800569A72 /* Project object */;
}
