// !$*UTF8*$!
{
	archiveVersion = 1;
	classes = {
	};
	objectVersion = 46;
	objects = {

/* Begin PBXBuildFile section */
		C28001D91D148AB800569A72 /* AppDelegate.swift in Sources */ = {isa = PBXBuildFile; fileRef = C28001D81D148AB800569A72 /* AppDelegate.swift */; };
		C28001DD1D148AB800569A72 /* Assets.xcassets in Resources */ = {isa = PBXBuildFile; fileRef = C28001DC1D148AB800569A72 /* Assets.xcassets */; };
		C28001E01D148AB800569A72 /* Main.storyboard in Resources */ = {isa = PBXBuildFile; fileRef = C28001DE1D148AB800569A72 /* Main.storyboard */; };
		C28001EB1D148AB800569A72 /* BriskTests.swift in Sources */ = {isa = PBXBuildFile; fileRef = C28001EA1D148AB800569A72 /* BriskTests.swift */; };
		C28001F61D148AB800569A72 /* BriskUITests.swift in Sources */ = {isa = PBXBuildFile; fileRef = C28001F51D148AB800569A72 /* BriskUITests.swift */; };
		C28399CC1D148CDC00D240C4 /* RadarViewController.swift in Sources */ = {isa = PBXBuildFile; fileRef = C28399CB1D148CDC00D240C4 /* RadarViewController.swift */; };
		C28399CE1D14900C00D240C4 /* RadarService.swift in Sources */ = {isa = PBXBuildFile; fileRef = C28399CD1D14900C00D240C4 /* RadarService.swift */; };
		C28399D01D14901800D240C4 /* Radar.swift in Sources */ = {isa = PBXBuildFile; fileRef = C28399CF1D14901800D240C4 /* Radar.swift */; };
		C28399D21D14904100D240C4 /* Product.swift in Sources */ = {isa = PBXBuildFile; fileRef = C28399D11D14904100D240C4 /* Product.swift */; };
		C28399D41D14907500D240C4 /* Classification.swift in Sources */ = {isa = PBXBuildFile; fileRef = C28399D31D14907500D240C4 /* Classification.swift */; };
		C28399D61D1490AD00D240C4 /* Reproducability.swift in Sources */ = {isa = PBXBuildFile; fileRef = C28399D51D1490AD00D240C4 /* Reproducability.swift */; };
		C28399D81D1490C700D240C4 /* Area.swift in Sources */ = {isa = PBXBuildFile; fileRef = C28399D71D1490C700D240C4 /* Area.swift */; };
/* End PBXBuildFile section */

/* Begin PBXContainerItemProxy section */
		C28001E71D148AB800569A72 /* PBXContainerItemProxy */ = {
			isa = PBXContainerItemProxy;
			containerPortal = C28001CD1D148AB800569A72 /* Project object */;
			proxyType = 1;
			remoteGlobalIDString = C28001D41D148AB800569A72;
			remoteInfo = Brisk;
		};
		C28001F21D148AB800569A72 /* PBXContainerItemProxy */ = {
			isa = PBXContainerItemProxy;
			containerPortal = C28001CD1D148AB800569A72 /* Project object */;
			proxyType = 1;
			remoteGlobalIDString = C28001D41D148AB800569A72;
			remoteInfo = Brisk;
		};
/* End PBXContainerItemProxy section */

/* Begin PBXFileReference section */
		C28001D51D148AB800569A72 /* Brisk.app */ = {isa = PBXFileReference; explicitFileType = wrapper.application; includeInIndex = 0; path = Brisk.app; sourceTree = BUILT_PRODUCTS_DIR; };
		C28001D81D148AB800569A72 /* AppDelegate.swift */ = {isa = PBXFileReference; lastKnownFileType = sourcecode.swift; path = AppDelegate.swift; sourceTree = "<group>"; };
		C28001DC1D148AB800569A72 /* Assets.xcassets */ = {isa = PBXFileReference; lastKnownFileType = folder.assetcatalog; path = Assets.xcassets; sourceTree = "<group>"; };
		C28001DF1D148AB800569A72 /* Base */ = {isa = PBXFileReference; lastKnownFileType = file.storyboard; name = Base; path = Base.lproj/Main.storyboard; sourceTree = "<group>"; };
		C28001E11D148AB800569A72 /* Info.plist */ = {isa = PBXFileReference; lastKnownFileType = text.plist.xml; path = Info.plist; sourceTree = "<group>"; };
		C28001E61D148AB800569A72 /* BriskTests.xctest */ = {isa = PBXFileReference; explicitFileType = wrapper.cfbundle; includeInIndex = 0; path = BriskTests.xctest; sourceTree = BUILT_PRODUCTS_DIR; };
		C28001EA1D148AB800569A72 /* BriskTests.swift */ = {isa = PBXFileReference; lastKnownFileType = sourcecode.swift; path = BriskTests.swift; sourceTree = "<group>"; };
		C28001EC1D148AB800569A72 /* Info.plist */ = {isa = PBXFileReference; lastKnownFileType = text.plist.xml; path = Info.plist; sourceTree = "<group>"; };
		C28001F11D148AB800569A72 /* BriskUITests.xctest */ = {isa = PBXFileReference; explicitFileType = wrapper.cfbundle; includeInIndex = 0; path = BriskUITests.xctest; sourceTree = BUILT_PRODUCTS_DIR; };
		C28001F51D148AB800569A72 /* BriskUITests.swift */ = {isa = PBXFileReference; lastKnownFileType = sourcecode.swift; path = BriskUITests.swift; sourceTree = "<group>"; };
		C28001F71D148AB800569A72 /* Info.plist */ = {isa = PBXFileReference; lastKnownFileType = text.plist.xml; path = Info.plist; sourceTree = "<group>"; };
		C28399CB1D148CDC00D240C4 /* RadarViewController.swift */ = {isa = PBXFileReference; fileEncoding = 4; lastKnownFileType = sourcecode.swift; path = RadarViewController.swift; sourceTree = "<group>"; };
		C28399CD1D14900C00D240C4 /* RadarService.swift */ = {isa = PBXFileReference; fileEncoding = 4; lastKnownFileType = sourcecode.swift; path = RadarService.swift; sourceTree = "<group>"; };
		C28399CF1D14901800D240C4 /* Radar.swift */ = {isa = PBXFileReference; fileEncoding = 4; lastKnownFileType = sourcecode.swift; path = Radar.swift; sourceTree = "<group>"; };
		C28399D11D14904100D240C4 /* Product.swift */ = {isa = PBXFileReference; fileEncoding = 4; lastKnownFileType = sourcecode.swift; path = Product.swift; sourceTree = "<group>"; };
		C28399D31D14907500D240C4 /* Classification.swift */ = {isa = PBXFileReference; fileEncoding = 4; lastKnownFileType = sourcecode.swift; path = Classification.swift; sourceTree = "<group>"; };
		C28399D51D1490AD00D240C4 /* Reproducability.swift */ = {isa = PBXFileReference; fileEncoding = 4; lastKnownFileType = sourcecode.swift; path = Reproducability.swift; sourceTree = "<group>"; };
		C28399D71D1490C700D240C4 /* Area.swift */ = {isa = PBXFileReference; fileEncoding = 4; lastKnownFileType = sourcecode.swift; path = Area.swift; sourceTree = "<group>"; };
/* End PBXFileReference section */

/* Begin PBXFrameworksBuildPhase section */
		C28001D21D148AB800569A72 /* Frameworks */ = {
			isa = PBXFrameworksBuildPhase;
			buildActionMask = 2147483647;
			files = (
			);
			runOnlyForDeploymentPostprocessing = 0;
		};
		C28001E31D148AB800569A72 /* Frameworks */ = {
			isa = PBXFrameworksBuildPhase;
			buildActionMask = 2147483647;
			files = (
			);
			runOnlyForDeploymentPostprocessing = 0;
		};
		C28001EE1D148AB800569A72 /* Frameworks */ = {
			isa = PBXFrameworksBuildPhase;
			buildActionMask = 2147483647;
			files = (
			);
			runOnlyForDeploymentPostprocessing = 0;
		};
/* End PBXFrameworksBuildPhase section */

/* Begin PBXGroup section */
		C28001CC1D148AB800569A72 = {
			isa = PBXGroup;
			children = (
				C28001D71D148AB800569A72 /* Brisk */,
				C28001E91D148AB800569A72 /* BriskTests */,
				C28001F41D148AB800569A72 /* BriskUITests */,
				C28001D61D148AB800569A72 /* Products */,
			);
			sourceTree = "<group>";
		};
		C28001D61D148AB800569A72 /* Products */ = {
			isa = PBXGroup;
			children = (
				C28001D51D148AB800569A72 /* Brisk.app */,
				C28001E61D148AB800569A72 /* BriskTests.xctest */,
				C28001F11D148AB800569A72 /* BriskUITests.xctest */,
			);
			name = Products;
			sourceTree = "<group>";
		};
		C28001D71D148AB800569A72 /* Brisk */ = {
			isa = PBXGroup;
			children = (
				C28001D81D148AB800569A72 /* AppDelegate.swift */,
				C28399CB1D148CDC00D240C4 /* RadarViewController.swift */,
				C28399CD1D14900C00D240C4 /* RadarService.swift */,
				C28399D11D14904100D240C4 /* Product.swift */,
				C28399D31D14907500D240C4 /* Classification.swift */,
				C28399D51D1490AD00D240C4 /* Reproducability.swift */,
				C28399D71D1490C700D240C4 /* Area.swift */,
				C28399CF1D14901800D240C4 /* Radar.swift */,
				C28001DC1D148AB800569A72 /* Assets.xcassets */,
				C28001DE1D148AB800569A72 /* Main.storyboard */,
				C28001E11D148AB800569A72 /* Info.plist */,
			);
			path = Brisk;
			sourceTree = "<group>";
		};
		C28001E91D148AB800569A72 /* BriskTests */ = {
			isa = PBXGroup;
			children = (
				C28001EA1D148AB800569A72 /* BriskTests.swift */,
				C28001EC1D148AB800569A72 /* Info.plist */,
			);
			path = BriskTests;
			sourceTree = "<group>";
		};
		C28001F41D148AB800569A72 /* BriskUITests */ = {
			isa = PBXGroup;
			children = (
				C28001F51D148AB800569A72 /* BriskUITests.swift */,
				C28001F71D148AB800569A72 /* Info.plist */,
			);
			path = BriskUITests;
			sourceTree = "<group>";
		};
/* End PBXGroup section */

/* Begin PBXNativeTarget section */
		C28001D41D148AB800569A72 /* Brisk */ = {
			isa = PBXNativeTarget;
			buildConfigurationList = C28001FA1D148AB800569A72 /* Build configuration list for PBXNativeTarget "Brisk" */;
			buildPhases = (
				C28001D11D148AB800569A72 /* Sources */,
				C28001D21D148AB800569A72 /* Frameworks */,
				C28001D31D148AB800569A72 /* Resources */,
			);
			buildRules = (
			);
			dependencies = (
			);
			name = Brisk;
			productName = Brisk;
			productReference = C28001D51D148AB800569A72 /* Brisk.app */;
			productType = "com.apple.product-type.application";
		};
		C28001E51D148AB800569A72 /* BriskTests */ = {
			isa = PBXNativeTarget;
			buildConfigurationList = C28001FD1D148AB800569A72 /* Build configuration list for PBXNativeTarget "BriskTests" */;
			buildPhases = (
				C28001E21D148AB800569A72 /* Sources */,
				C28001E31D148AB800569A72 /* Frameworks */,
				C28001E41D148AB800569A72 /* Resources */,
			);
			buildRules = (
			);
			dependencies = (
				C28001E81D148AB800569A72 /* PBXTargetDependency */,
			);
			name = BriskTests;
			productName = BriskTests;
			productReference = C28001E61D148AB800569A72 /* BriskTests.xctest */;
			productType = "com.apple.product-type.bundle.unit-test";
		};
		C28001F01D148AB800569A72 /* BriskUITests */ = {
			isa = PBXNativeTarget;
			buildConfigurationList = C28002001D148AB800569A72 /* Build configuration list for PBXNativeTarget "BriskUITests" */;
			buildPhases = (
				C28001ED1D148AB800569A72 /* Sources */,
				C28001EE1D148AB800569A72 /* Frameworks */,
				C28001EF1D148AB800569A72 /* Resources */,
			);
			buildRules = (
			);
			dependencies = (
				C28001F31D148AB800569A72 /* PBXTargetDependency */,
			);
			name = BriskUITests;
			productName = BriskUITests;
			productReference = C28001F11D148AB800569A72 /* BriskUITests.xctest */;
			productType = "com.apple.product-type.bundle.ui-testing";
		};
/* End PBXNativeTarget section */

/* Begin PBXProject section */
		C28001CD1D148AB800569A72 /* Project object */ = {
			isa = PBXProject;
			attributes = {
				LastSwiftUpdateCheck = 0730;
				LastUpgradeCheck = 0730;
				ORGANIZATIONNAME = Brisk;
				TargetAttributes = {
					C28001D41D148AB800569A72 = {
						CreatedOnToolsVersion = 7.3.1;
					};
					C28001E51D148AB800569A72 = {
						CreatedOnToolsVersion = 7.3.1;
						TestTargetID = C28001D41D148AB800569A72;
					};
					C28001F01D148AB800569A72 = {
						CreatedOnToolsVersion = 7.3.1;
						TestTargetID = C28001D41D148AB800569A72;
					};
				};
			};
			buildConfigurationList = C28001D01D148AB800569A72 /* Build configuration list for PBXProject "Brisk" */;
			compatibilityVersion = "Xcode 3.2";
			developmentRegion = English;
			hasScannedForEncodings = 0;
			knownRegions = (
				en,
				Base,
			);
			mainGroup = C28001CC1D148AB800569A72;
			productRefGroup = C28001D61D148AB800569A72 /* Products */;
			projectDirPath = "";
			projectRoot = "";
			targets = (
				C28001D41D148AB800569A72 /* Brisk */,
				C28001E51D148AB800569A72 /* BriskTests */,
				C28001F01D148AB800569A72 /* BriskUITests */,
			);
		};
/* End PBXProject section */

/* Begin PBXResourcesBuildPhase section */
		C28001D31D148AB800569A72 /* Resources */ = {
			isa = PBXResourcesBuildPhase;
			buildActionMask = 2147483647;
			files = (
				C28001DD1D148AB800569A72 /* Assets.xcassets in Resources */,
				C28001E01D148AB800569A72 /* Main.storyboard in Resources */,
			);
			runOnlyForDeploymentPostprocessing = 0;
		};
		C28001E41D148AB800569A72 /* Resources */ = {
			isa = PBXResourcesBuildPhase;
			buildActionMask = 2147483647;
			files = (
			);
			runOnlyForDeploymentPostprocessing = 0;
		};
		C28001EF1D148AB800569A72 /* Resources */ = {
			isa = PBXResourcesBuildPhase;
			buildActionMask = 2147483647;
			files = (
			);
			runOnlyForDeploymentPostprocessing = 0;
		};
/* End PBXResourcesBuildPhase section */

/* Begin PBXSourcesBuildPhase section */
		C28001D11D148AB800569A72 /* Sources */ = {
			isa = PBXSourcesBuildPhase;
			buildActionMask = 2147483647;
			files = (
				C28399D01D14901800D240C4 /* Radar.swift in Sources */,
				C28399D61D1490AD00D240C4 /* Reproducability.swift in Sources */,
				C28399CE1D14900C00D240C4 /* RadarService.swift in Sources */,
				C28399D21D14904100D240C4 /* Product.swift in Sources */,
				C28001D91D148AB800569A72 /* AppDelegate.swift in Sources */,
				C28399CC1D148CDC00D240C4 /* RadarViewController.swift in Sources */,
				C28399D81D1490C700D240C4 /* Area.swift in Sources */,
				C28399D41D14907500D240C4 /* Classification.swift in Sources */,
			);
			runOnlyForDeploymentPostprocessing = 0;
		};
		C28001E21D148AB800569A72 /* Sources */ = {
			isa = PBXSourcesBuildPhase;
			buildActionMask = 2147483647;
			files = (
				C28001EB1D148AB800569A72 /* BriskTests.swift in Sources */,
			);
			runOnlyForDeploymentPostprocessing = 0;
		};
		C28001ED1D148AB800569A72 /* Sources */ = {
			isa = PBXSourcesBuildPhase;
			buildActionMask = 2147483647;
			files = (
				C28001F61D148AB800569A72 /* BriskUITests.swift in Sources */,
			);
			runOnlyForDeploymentPostprocessing = 0;
		};
/* End PBXSourcesBuildPhase section */

/* Begin PBXTargetDependency section */
		C28001E81D148AB800569A72 /* PBXTargetDependency */ = {
			isa = PBXTargetDependency;
			target = C28001D41D148AB800569A72 /* Brisk */;
			targetProxy = C28001E71D148AB800569A72 /* PBXContainerItemProxy */;
		};
		C28001F31D148AB800569A72 /* PBXTargetDependency */ = {
			isa = PBXTargetDependency;
			target = C28001D41D148AB800569A72 /* Brisk */;
			targetProxy = C28001F21D148AB800569A72 /* PBXContainerItemProxy */;
		};
/* End PBXTargetDependency section */

/* Begin PBXVariantGroup section */
		C28001DE1D148AB800569A72 /* Main.storyboard */ = {
			isa = PBXVariantGroup;
			children = (
				C28001DF1D148AB800569A72 /* Base */,
			);
			name = Main.storyboard;
			sourceTree = "<group>";
		};
/* End PBXVariantGroup section */

/* Begin XCBuildConfiguration section */
		C28001F81D148AB800569A72 /* Debug */ = {
			isa = XCBuildConfiguration;
			buildSettings = {
				ALWAYS_SEARCH_USER_PATHS = NO;
				CLANG_ANALYZER_NONNULL = YES;
				CLANG_CXX_LANGUAGE_STANDARD = "gnu++0x";
				CLANG_CXX_LIBRARY = "libc++";
				CLANG_ENABLE_MODULES = YES;
				CLANG_ENABLE_OBJC_ARC = YES;
				CLANG_WARN_BOOL_CONVERSION = YES;
				CLANG_WARN_CONSTANT_CONVERSION = YES;
				CLANG_WARN_DIRECT_OBJC_ISA_USAGE = YES_ERROR;
				CLANG_WARN_EMPTY_BODY = YES;
				CLANG_WARN_ENUM_CONVERSION = YES;
				CLANG_WARN_INT_CONVERSION = YES;
				CLANG_WARN_OBJC_ROOT_CLASS = YES_ERROR;
				CLANG_WARN_UNREACHABLE_CODE = YES;
				CLANG_WARN__DUPLICATE_METHOD_MATCH = YES;
				CODE_SIGN_IDENTITY = "-";
				COPY_PHASE_STRIP = NO;
				DEBUG_INFORMATION_FORMAT = dwarf;
				ENABLE_STRICT_OBJC_MSGSEND = YES;
				ENABLE_TESTABILITY = YES;
				GCC_C_LANGUAGE_STANDARD = gnu99;
				GCC_DYNAMIC_NO_PIC = NO;
				GCC_NO_COMMON_BLOCKS = YES;
				GCC_OPTIMIZATION_LEVEL = 0;
				GCC_PREPROCESSOR_DEFINITIONS = (
					"DEBUG=1",
					"$(inherited)",
				);
				GCC_WARN_64_TO_32_BIT_CONVERSION = YES;
				GCC_WARN_ABOUT_RETURN_TYPE = YES_ERROR;
				GCC_WARN_UNDECLARED_SELECTOR = YES;
				GCC_WARN_UNINITIALIZED_AUTOS = YES_AGGRESSIVE;
				GCC_WARN_UNUSED_FUNCTION = YES;
				GCC_WARN_UNUSED_VARIABLE = YES;
				MACOSX_DEPLOYMENT_TARGET = 10.11;
				MTL_ENABLE_DEBUG_INFO = YES;
				ONLY_ACTIVE_ARCH = YES;
				SDKROOT = macosx;
				SWIFT_OPTIMIZATION_LEVEL = "-Onone";
			};
			name = Debug;
		};
		C28001F91D148AB800569A72 /* Release */ = {
			isa = XCBuildConfiguration;
			buildSettings = {
				ALWAYS_SEARCH_USER_PATHS = NO;
				CLANG_ANALYZER_NONNULL = YES;
				CLANG_CXX_LANGUAGE_STANDARD = "gnu++0x";
				CLANG_CXX_LIBRARY = "libc++";
				CLANG_ENABLE_MODULES = YES;
				CLANG_ENABLE_OBJC_ARC = YES;
				CLANG_WARN_BOOL_CONVERSION = YES;
				CLANG_WARN_CONSTANT_CONVERSION = YES;
				CLANG_WARN_DIRECT_OBJC_ISA_USAGE = YES_ERROR;
				CLANG_WARN_EMPTY_BODY = YES;
				CLANG_WARN_ENUM_CONVERSION = YES;
				CLANG_WARN_INT_CONVERSION = YES;
				CLANG_WARN_OBJC_ROOT_CLASS = YES_ERROR;
				CLANG_WARN_UNREACHABLE_CODE = YES;
				CLANG_WARN__DUPLICATE_METHOD_MATCH = YES;
				CODE_SIGN_IDENTITY = "-";
				COPY_PHASE_STRIP = NO;
				DEBUG_INFORMATION_FORMAT = "dwarf-with-dsym";
				ENABLE_NS_ASSERTIONS = NO;
				ENABLE_STRICT_OBJC_MSGSEND = YES;
				GCC_C_LANGUAGE_STANDARD = gnu99;
				GCC_NO_COMMON_BLOCKS = YES;
				GCC_WARN_64_TO_32_BIT_CONVERSION = YES;
				GCC_WARN_ABOUT_RETURN_TYPE = YES_ERROR;
				GCC_WARN_UNDECLARED_SELECTOR = YES;
				GCC_WARN_UNINITIALIZED_AUTOS = YES_AGGRESSIVE;
				GCC_WARN_UNUSED_FUNCTION = YES;
				GCC_WARN_UNUSED_VARIABLE = YES;
				MACOSX_DEPLOYMENT_TARGET = 10.11;
				MTL_ENABLE_DEBUG_INFO = NO;
				SDKROOT = macosx;
			};
			name = Release;
		};
		C28001FB1D148AB800569A72 /* Debug */ = {
			isa = XCBuildConfiguration;
			buildSettings = {
				ASSETCATALOG_COMPILER_APPICON_NAME = AppIcon;
				COMBINE_HIDPI_IMAGES = YES;
				INFOPLIST_FILE = Brisk/Info.plist;
				LD_RUNPATH_SEARCH_PATHS = "$(inherited) @executable_path/../Frameworks";
				PRODUCT_BUNDLE_IDENTIFIER = com.brisk.Brisk;
				PRODUCT_NAME = "$(TARGET_NAME)";
			};
			name = Debug;
		};
		C28001FC1D148AB800569A72 /* Release */ = {
			isa = XCBuildConfiguration;
			buildSettings = {
				ASSETCATALOG_COMPILER_APPICON_NAME = AppIcon;
				COMBINE_HIDPI_IMAGES = YES;
				INFOPLIST_FILE = Brisk/Info.plist;
				LD_RUNPATH_SEARCH_PATHS = "$(inherited) @executable_path/../Frameworks";
				PRODUCT_BUNDLE_IDENTIFIER = com.brisk.Brisk;
				PRODUCT_NAME = "$(TARGET_NAME)";
			};
			name = Release;
		};
		C28001FE1D148AB800569A72 /* Debug */ = {
			isa = XCBuildConfiguration;
			buildSettings = {
				BUNDLE_LOADER = "$(TEST_HOST)";
				COMBINE_HIDPI_IMAGES = YES;
				INFOPLIST_FILE = BriskTests/Info.plist;
				LD_RUNPATH_SEARCH_PATHS = "$(inherited) @executable_path/../Frameworks @loader_path/../Frameworks";
				PRODUCT_BUNDLE_IDENTIFIER = com.brisk.BriskTests;
				PRODUCT_NAME = "$(TARGET_NAME)";
				TEST_HOST = "$(BUILT_PRODUCTS_DIR)/Brisk.app/Contents/MacOS/Brisk";
			};
			name = Debug;
		};
		C28001FF1D148AB800569A72 /* Release */ = {
			isa = XCBuildConfiguration;
			buildSettings = {
				BUNDLE_LOADER = "$(TEST_HOST)";
				COMBINE_HIDPI_IMAGES = YES;
				INFOPLIST_FILE = BriskTests/Info.plist;
				LD_RUNPATH_SEARCH_PATHS = "$(inherited) @executable_path/../Frameworks @loader_path/../Frameworks";
				PRODUCT_BUNDLE_IDENTIFIER = com.brisk.BriskTests;
				PRODUCT_NAME = "$(TARGET_NAME)";
				TEST_HOST = "$(BUILT_PRODUCTS_DIR)/Brisk.app/Contents/MacOS/Brisk";
			};
			name = Release;
		};
		C28002011D148AB800569A72 /* Debug */ = {
			isa = XCBuildConfiguration;
			buildSettings = {
				COMBINE_HIDPI_IMAGES = YES;
				INFOPLIST_FILE = BriskUITests/Info.plist;
				LD_RUNPATH_SEARCH_PATHS = "$(inherited) @executable_path/../Frameworks @loader_path/../Frameworks";
				PRODUCT_BUNDLE_IDENTIFIER = com.brisk.BriskUITests;
				PRODUCT_NAME = "$(TARGET_NAME)";
				TEST_TARGET_NAME = Brisk;
			};
			name = Debug;
		};
		C28002021D148AB800569A72 /* Release */ = {
			isa = XCBuildConfiguration;
			buildSettings = {
				COMBINE_HIDPI_IMAGES = YES;
				INFOPLIST_FILE = BriskUITests/Info.plist;
				LD_RUNPATH_SEARCH_PATHS = "$(inherited) @executable_path/../Frameworks @loader_path/../Frameworks";
				PRODUCT_BUNDLE_IDENTIFIER = com.brisk.BriskUITests;
				PRODUCT_NAME = "$(TARGET_NAME)";
				TEST_TARGET_NAME = Brisk;
			};
			name = Release;
		};
/* End XCBuildConfiguration section */

/* Begin XCConfigurationList section */
		C28001D01D148AB800569A72 /* Build configuration list for PBXProject "Brisk" */ = {
			isa = XCConfigurationList;
			buildConfigurations = (
				C28001F81D148AB800569A72 /* Debug */,
				C28001F91D148AB800569A72 /* Release */,
			);
			defaultConfigurationIsVisible = 0;
			defaultConfigurationName = Release;
		};
		C28001FA1D148AB800569A72 /* Build configuration list for PBXNativeTarget "Brisk" */ = {
			isa = XCConfigurationList;
			buildConfigurations = (
				C28001FB1D148AB800569A72 /* Debug */,
				C28001FC1D148AB800569A72 /* Release */,
			);
			defaultConfigurationIsVisible = 0;
			defaultConfigurationName = Release;
		};
		C28001FD1D148AB800569A72 /* Build configuration list for PBXNativeTarget "BriskTests" */ = {
			isa = XCConfigurationList;
			buildConfigurations = (
				C28001FE1D148AB800569A72 /* Debug */,
				C28001FF1D148AB800569A72 /* Release */,
			);
			defaultConfigurationIsVisible = 0;
			defaultConfigurationName = Release;
		};
		C28002001D148AB800569A72 /* Build configuration list for PBXNativeTarget "BriskUITests" */ = {
			isa = XCConfigurationList;
			buildConfigurations = (
				C28002011D148AB800569A72 /* Debug */,
				C28002021D148AB800569A72 /* Release */,
			);
			defaultConfigurationIsVisible = 0;
			defaultConfigurationName = Release;
		};
/* End XCConfigurationList section */
	};
	rootObject = C28001CD1D148AB800569A72 /* Project object */;
}
