PODS:
  - Alamofire (4.7.2)
  - Sonar (0.0.1):
    - Alamofire (~> 4.7.2)
  - Sparkle (1.19.0)

DEPENDENCIES:
  - Sonar (from `https://github.com/br1sk/Sonar.git`)
  - Sparkle

EXTERNAL SOURCES:
  Sonar:
    :git: https://github.com/br1sk/Sonar.git

CHECKOUT OPTIONS:
  Sonar:
    :commit: dd81ef68e13efce7251a19be0bccd5cf780aeb0d
    :git: https://github.com/br1sk/Sonar.git

SPEC CHECKSUMS:
  Alamofire: e4fa87002c137ba2d8d634d2c51fabcda0d5c223
  Sonar: 96b87f9048b557dfbcd331c5d3598b8f92724d0d
  Sparkle: 8486d2493599665e466b5076e72b28849776e32f

PODFILE CHECKSUM: 31638d14e4cbdaed3252aafe998baf86f9c87574

COCOAPODS: 1.2.1
